
Microsoft Visual Studio Solution File, Format Version 12.00
# Visual Studio Version 16
VisualStudioVersion = 16.0.31410.357
MinimumVisualStudioVersion = 10.0.40219.1
Project("{9A19103F-16F7-4668-BE54-9A1E7A4F7556}") = "UserRegestration", "UserRegestration\UserRegestration.csproj", "{D887279C-DD72-4700-928C-CFA4BCD338DA}"
EndProject
Global
	GlobalSection(SolutionConfigurationPlatforms) = preSolution
		Debug|Any CPU = Debug|Any CPU
		Release|Any CPU = Release|Any CPU
	EndGlobalSection
	GlobalSection(ProjectConfigurationPlatforms) = postSolution
		{D887279C-DD72-4700-928C-CFA4BCD338DA}.Debug|Any CPU.ActiveCfg = Debug|Any CPU
		{D887279C-DD72-4700-928C-CFA4BCD338DA}.Debug|Any CPU.Build.0 = Debug|Any CPU
		{D887279C-DD72-4700-928C-CFA4BCD338DA}.Release|Any CPU.ActiveCfg = Release|Any CPU
		{D887279C-DD72-4700-928C-CFA4BCD338DA}.Release|Any CPU.Build.0 = Release|Any CPU
	EndGlobalSection
	GlobalSection(SolutionProperties) = preSolution
		HideSolutionNode = FALSE
	EndGlobalSection
	GlobalSection(ExtensibilityGlobals) = postSolution
		SolutionGuid = {974BEA9F-3117-4A41-B50E-E5DD11013C8B}
	EndGlobalSection
EndGlobal
